<?xml version="1.0" encoding="utf-8"?>
<Project ToolsVersion="16.0" xmlns="http://schemas.microsoft.com/developer/msbuild/2003">
  <ItemGroup>
    <CustomBuild Include="D:\EventDrivedNetFrame\EventDrivedNetFrame\EventDrivedNetFrame\Dependencies\protobuf-3.6.1\protobuf_build_x64_windows\CMakeFiles\14798e75c3b6ad18469939b54201ec4c\INSTALL_force.rule">
      <Filter>CMake Rules</Filter>
    </CustomBuild>
  </ItemGroup>
  <ItemGroup>
    <Filter Include="CMake Rules">
      <UniqueIdentifier>{D4C36455-93A1-387F-A71D-A1C51799A41F}</UniqueIdentifier>
    </Filter>
  </ItemGroup>
</Project>
