Microsoft Visual Studio Solution File, Format Version 12.00
# Visual Studio 16
Project("{8BC9CEB8-8B4A-11D0-8D11-00A0C91BC942}") = "ALL_BUILD", "ALL_BUILD.vcxproj", "{D8058359-5BC7-39BB-A038-D794D6129CD4}"
	ProjectSection(ProjectDependencies) = postProject
		{03CD6C29-6778-366B-97F5-5A54B6A04203} = {03CD6C29-6778-366B-97F5-5A54B6A04203}
		{76B26A48-FF95-3F8B-BF4F-450BF57B116E} = {76B26A48-FF95-3F8B-BF4F-450BF57B116E}
		{0089971B-A858-3A19-BE43-740C51ECE137} = {0089971B-A858-3A19-BE43-740C51ECE137}
		{4C9C6027-47E7-3B53-8137-FC64F2E33F41} = {4C9C6027-47E7-3B53-8137-FC64F2E33F41}
		{34E11BDE-A1C4-3A86-B339-DD4FBD23D620} = {34E11BDE-A1C4-3A86-B339-DD4FBD23D620}
		{EC5C0BAD-9E1E-3F0B-8A62-043A2470F3C7} = {EC5C0BAD-9E1E-3F0B-8A62-043A2470F3C7}
		{46BE08B3-E136-3E97-B9EC-231250435488} = {46BE08B3-E136-3E97-B9EC-231250435488}
		{C831972F-D742-3664-9DEA-768926E288F8} = {C831972F-D742-3664-9DEA-768926E288F8}
		{A6AB3AA1-E708-3937-9A41-CB01E99BF559} = {A6AB3AA1-E708-3937-9A41-CB01E99BF559}
		{43BE1925-D037-32AA-93BC-4ECD38589CCC} = {43BE1925-D037-32AA-93BC-4ECD38589CCC}
		{EA70EC98-4AC3-33CC-B799-A24E8FAEC89C} = {EA70EC98-4AC3-33CC-B799-A24E8FAEC89C}
	EndProjectSection
EndProject
Project("{8BC9CEB8-8B4A-11D0-8D11-00A0C91BC942}") = "INSTALL", "INSTALL.vcxproj", "{E4A79411-479F-3FB7-B480-55BB712145E6}"
	ProjectSection(ProjectDependencies) = postProject
		{D8058359-5BC7-39BB-A038-D794D6129CD4} = {D8058359-5BC7-39BB-A038-D794D6129CD4}
		{03CD6C29-6778-366B-97F5-5A54B6A04203} = {03CD6C29-6778-366B-97F5-5A54B6A04203}
	EndProjectSection
EndProject
Project("{8BC9CEB8-8B4A-11D0-8D11-00A0C91BC942}") = "ZERO_CHECK", "ZERO_CHECK.vcxproj", "{03CD6C29-6778-366B-97F5-5A54B6A04203}"
	ProjectSection(ProjectDependencies) = postProject
	EndProjectSection
EndProject
Project("{8BC9CEB8-8B4A-11D0-8D11-00A0C91BC942}") = "check", "check.vcxproj", "{0F183A3C-2899-339B-A00B-57930A2908FA}"
	ProjectSection(ProjectDependencies) = postProject
		{03CD6C29-6778-366B-97F5-5A54B6A04203} = {03CD6C29-6778-366B-97F5-5A54B6A04203}
		{43BE1925-D037-32AA-93BC-4ECD38589CCC} = {43BE1925-D037-32AA-93BC-4ECD38589CCC}
		{EA70EC98-4AC3-33CC-B799-A24E8FAEC89C} = {EA70EC98-4AC3-33CC-B799-A24E8FAEC89C}
	EndProjectSection
EndProject
Project("{8BC9CEB8-8B4A-11D0-8D11-00A0C91BC942}") = "gmock", "gmock.vcxproj", "{76B26A48-FF95-3F8B-BF4F-450BF57B116E}"
	ProjectSection(ProjectDependencies) = postProject
		{03CD6C29-6778-366B-97F5-5A54B6A04203} = {03CD6C29-6778-366B-97F5-5A54B6A04203}
	EndProjectSection
EndProject
Project("{8BC9CEB8-8B4A-11D0-8D11-00A0C91BC942}") = "gmock_main", "gmock_main.vcxproj", "{0089971B-A858-3A19-BE43-740C51ECE137}"
	ProjectSection(ProjectDependencies) = postProject
		{03CD6C29-6778-366B-97F5-5A54B6A04203} = {03CD6C29-6778-366B-97F5-5A54B6A04203}
		{76B26A48-FF95-3F8B-BF4F-450BF57B116E} = {76B26A48-FF95-3F8B-BF4F-450BF57B116E}
	EndProjectSection
EndProject
Project("{8BC9CEB8-8B4A-11D0-8D11-00A0C91BC942}") = "libprotobuf", "libprotobuf.vcxproj", "{4C9C6027-47E7-3B53-8137-FC64F2E33F41}"
	ProjectSection(ProjectDependencies) = postProject
		{03CD6C29-6778-366B-97F5-5A54B6A04203} = {03CD6C29-6778-366B-97F5-5A54B6A04203}
	EndProjectSection
EndProject
Project("{8BC9CEB8-8B4A-11D0-8D11-00A0C91BC942}") = "libprotobuf-lite", "libprotobuf-lite.vcxproj", "{34E11BDE-A1C4-3A86-B339-DD4FBD23D620}"
	ProjectSection(ProjectDependencies) = postProject
		{03CD6C29-6778-366B-97F5-5A54B6A04203} = {03CD6C29-6778-366B-97F5-5A54B6A04203}
	EndProjectSection
EndProject
Project("{8BC9CEB8-8B4A-11D0-8D11-00A0C91BC942}") = "libprotoc", "libprotoc.vcxproj", "{EC5C0BAD-9E1E-3F0B-8A62-043A2470F3C7}"
	ProjectSection(ProjectDependencies) = postProject
		{03CD6C29-6778-366B-97F5-5A54B6A04203} = {03CD6C29-6778-366B-97F5-5A54B6A04203}
		{4C9C6027-47E7-3B53-8137-FC64F2E33F41} = {4C9C6027-47E7-3B53-8137-FC64F2E33F41}
	EndProjectSection
EndProject
Project("{8BC9CEB8-8B4A-11D0-8D11-00A0C91BC942}") = "lite-arena-test", "lite-arena-test.vcxproj", "{46BE08B3-E136-3E97-B9EC-231250435488}"
	ProjectSection(ProjectDependencies) = postProject
		{03CD6C29-6778-366B-97F5-5A54B6A04203} = {03CD6C29-6778-366B-97F5-5A54B6A04203}
		{76B26A48-FF95-3F8B-BF4F-450BF57B116E} = {76B26A48-FF95-3F8B-BF4F-450BF57B116E}
		{0089971B-A858-3A19-BE43-740C51ECE137} = {0089971B-A858-3A19-BE43-740C51ECE137}
		{34E11BDE-A1C4-3A86-B339-DD4FBD23D620} = {34E11BDE-A1C4-3A86-B339-DD4FBD23D620}
		{A6AB3AA1-E708-3937-9A41-CB01E99BF559} = {A6AB3AA1-E708-3937-9A41-CB01E99BF559}
	EndProjectSection
EndProject
Project("{8BC9CEB8-8B4A-11D0-8D11-00A0C91BC942}") = "lite-test", "lite-test.vcxproj", "{C831972F-D742-3664-9DEA-768926E288F8}"
	ProjectSection(ProjectDependencies) = postProject
		{03CD6C29-6778-366B-97F5-5A54B6A04203} = {03CD6C29-6778-366B-97F5-5A54B6A04203}
		{76B26A48-FF95-3F8B-BF4F-450BF57B116E} = {76B26A48-FF95-3F8B-BF4F-450BF57B116E}
		{0089971B-A858-3A19-BE43-740C51ECE137} = {0089971B-A858-3A19-BE43-740C51ECE137}
		{34E11BDE-A1C4-3A86-B339-DD4FBD23D620} = {34E11BDE-A1C4-3A86-B339-DD4FBD23D620}
		{A6AB3AA1-E708-3937-9A41-CB01E99BF559} = {A6AB3AA1-E708-3937-9A41-CB01E99BF559}
	EndProjectSection
EndProject
Project("{8BC9CEB8-8B4A-11D0-8D11-00A0C91BC942}") = "protoc", "protoc.vcxproj", "{A6AB3AA1-E708-3937-9A41-CB01E99BF559}"
	ProjectSection(ProjectDependencies) = postProject
		{03CD6C29-6778-366B-97F5-5A54B6A04203} = {03CD6C29-6778-366B-97F5-5A54B6A04203}
		{4C9C6027-47E7-3B53-8137-FC64F2E33F41} = {4C9C6027-47E7-3B53-8137-FC64F2E33F41}
		{EC5C0BAD-9E1E-3F0B-8A62-043A2470F3C7} = {EC5C0BAD-9E1E-3F0B-8A62-043A2470F3C7}
	EndProjectSection
EndProject
Project("{8BC9CEB8-8B4A-11D0-8D11-00A0C91BC942}") = "test_plugin", "test_plugin.vcxproj", "{43BE1925-D037-32AA-93BC-4ECD38589CCC}"
	ProjectSection(ProjectDependencies) = postProject
		{03CD6C29-6778-366B-97F5-5A54B6A04203} = {03CD6C29-6778-366B-97F5-5A54B6A04203}
		{76B26A48-FF95-3F8B-BF4F-450BF57B116E} = {76B26A48-FF95-3F8B-BF4F-450BF57B116E}
		{4C9C6027-47E7-3B53-8137-FC64F2E33F41} = {4C9C6027-47E7-3B53-8137-FC64F2E33F41}
		{EC5C0BAD-9E1E-3F0B-8A62-043A2470F3C7} = {EC5C0BAD-9E1E-3F0B-8A62-043A2470F3C7}
	EndProjectSection
EndProject
Project("{8BC9CEB8-8B4A-11D0-8D11-00A0C91BC942}") = "tests", "tests.vcxproj", "{EA70EC98-4AC3-33CC-B799-A24E8FAEC89C}"
	ProjectSection(ProjectDependencies) = postProject
		{03CD6C29-6778-366B-97F5-5A54B6A04203} = {03CD6C29-6778-366B-97F5-5A54B6A04203}
		{76B26A48-FF95-3F8B-BF4F-450BF57B116E} = {76B26A48-FF95-3F8B-BF4F-450BF57B116E}
		{0089971B-A858-3A19-BE43-740C51ECE137} = {0089971B-A858-3A19-BE43-740C51ECE137}
		{4C9C6027-47E7-3B53-8137-FC64F2E33F41} = {4C9C6027-47E7-3B53-8137-FC64F2E33F41}
		{EC5C0BAD-9E1E-3F0B-8A62-043A2470F3C7} = {EC5C0BAD-9E1E-3F0B-8A62-043A2470F3C7}
		{A6AB3AA1-E708-3937-9A41-CB01E99BF559} = {A6AB3AA1-E708-3937-9A41-CB01E99BF559}
	EndProjectSection
EndProject
Global
	GlobalSection(SolutionConfigurationPlatforms) = preSolution
		Debug|x64 = Debug|x64
		Release|x64 = Release|x64
		MinSizeRel|x64 = MinSizeRel|x64
		RelWithDebInfo|x64 = RelWithDebInfo|x64
	EndGlobalSection
	GlobalSection(ProjectConfigurationPlatforms) = postSolution
		{D8058359-5BC7-39BB-A038-D794D6129CD4}.Debug|x64.ActiveCfg = Debug|x64
		{D8058359-5BC7-39BB-A038-D794D6129CD4}.Debug|x64.Build.0 = Debug|x64
		{D8058359-5BC7-39BB-A038-D794D6129CD4}.Release|x64.ActiveCfg = Release|x64
		{D8058359-5BC7-39BB-A038-D794D6129CD4}.Release|x64.Build.0 = Release|x64
		{D8058359-5BC7-39BB-A038-D794D6129CD4}.MinSizeRel|x64.ActiveCfg = MinSizeRel|x64
		{D8058359-5BC7-39BB-A038-D794D6129CD4}.MinSizeRel|x64.Build.0 = MinSizeRel|x64
		{D8058359-5BC7-39BB-A038-D794D6129CD4}.RelWithDebInfo|x64.ActiveCfg = RelWithDebInfo|x64
		{D8058359-5BC7-39BB-A038-D794D6129CD4}.RelWithDebInfo|x64.Build.0 = RelWithDebInfo|x64
		{E4A79411-479F-3FB7-B480-55BB712145E6}.Debug|x64.ActiveCfg = Debug|x64
		{E4A79411-479F-3FB7-B480-55BB712145E6}.Release|x64.ActiveCfg = Release|x64
		{E4A79411-479F-3FB7-B480-55BB712145E6}.MinSizeRel|x64.ActiveCfg = MinSizeRel|x64
		{E4A79411-479F-3FB7-B480-55BB712145E6}.RelWithDebInfo|x64.ActiveCfg = RelWithDebInfo|x64
		{03CD6C29-6778-366B-97F5-5A54B6A04203}.Debug|x64.ActiveCfg = Debug|x64
		{03CD6C29-6778-366B-97F5-5A54B6A04203}.Debug|x64.Build.0 = Debug|x64
		{03CD6C29-6778-366B-97F5-5A54B6A04203}.Release|x64.ActiveCfg = Release|x64
		{03CD6C29-6778-366B-97F5-5A54B6A04203}.Release|x64.Build.0 = Release|x64
		{03CD6C29-6778-366B-97F5-5A54B6A04203}.MinSizeRel|x64.ActiveCfg = MinSizeRel|x64
		{03CD6C29-6778-366B-97F5-5A54B6A04203}.MinSizeRel|x64.Build.0 = MinSizeRel|x64
		{03CD6C29-6778-366B-97F5-5A54B6A04203}.RelWithDebInfo|x64.ActiveCfg = RelWithDebInfo|x64
		{03CD6C29-6778-366B-97F5-5A54B6A04203}.RelWithDebInfo|x64.Build.0 = RelWithDebInfo|x64
		{0F183A3C-2899-339B-A00B-57930A2908FA}.Debug|x64.ActiveCfg = Debug|x64
		{0F183A3C-2899-339B-A00B-57930A2908FA}.Release|x64.ActiveCfg = Release|x64
		{0F183A3C-2899-339B-A00B-57930A2908FA}.MinSizeRel|x64.ActiveCfg = MinSizeRel|x64
		{0F183A3C-2899-339B-A00B-57930A2908FA}.RelWithDebInfo|x64.ActiveCfg = RelWithDebInfo|x64
		{76B26A48-FF95-3F8B-BF4F-450BF57B116E}.Debug|x64.ActiveCfg = Debug|x64
		{76B26A48-FF95-3F8B-BF4F-450BF57B116E}.Debug|x64.Build.0 = Debug|x64
		{76B26A48-FF95-3F8B-BF4F-450BF57B116E}.Release|x64.ActiveCfg = Release|x64
		{76B26A48-FF95-3F8B-BF4F-450BF57B116E}.Release|x64.Build.0 = Release|x64
		{76B26A48-FF95-3F8B-BF4F-450BF57B116E}.MinSizeRel|x64.ActiveCfg = MinSizeRel|x64
		{76B26A48-FF95-3F8B-BF4F-450BF57B116E}.MinSizeRel|x64.Build.0 = MinSizeRel|x64
		{76B26A48-FF95-3F8B-BF4F-450BF57B116E}.RelWithDebInfo|x64.ActiveCfg = RelWithDebInfo|x64
		{76B26A48-FF95-3F8B-BF4F-450BF57B116E}.RelWithDebInfo|x64.Build.0 = RelWithDebInfo|x64
		{0089971B-A858-3A19-BE43-740C51ECE137}.Debug|x64.ActiveCfg = Debug|x64
		{0089971B-A858-3A19-BE43-740C51ECE137}.Debug|x64.Build.0 = Debug|x64
		{0089971B-A858-3A19-BE43-740C51ECE137}.Release|x64.ActiveCfg = Release|x64
		{0089971B-A858-3A19-BE43-740C51ECE137}.Release|x64.Build.0 = Release|x64
		{0089971B-A858-3A19-BE43-740C51ECE137}.MinSizeRel|x64.ActiveCfg = MinSizeRel|x64
		{0089971B-A858-3A19-BE43-740C51ECE137}.MinSizeRel|x64.Build.0 = MinSizeRel|x64
		{0089971B-A858-3A19-BE43-740C51ECE137}.RelWithDebInfo|x64.ActiveCfg = RelWithDebInfo|x64
		{0089971B-A858-3A19-BE43-740C51ECE137}.RelWithDebInfo|x64.Build.0 = RelWithDebInfo|x64
		{4C9C6027-47E7-3B53-8137-FC64F2E33F41}.Debug|x64.ActiveCfg = Debug|x64
		{4C9C6027-47E7-3B53-8137-FC64F2E33F41}.Debug|x64.Build.0 = Debug|x64
		{4C9C6027-47E7-3B53-8137-FC64F2E33F41}.Release|x64.ActiveCfg = Release|x64
		{4C9C6027-47E7-3B53-8137-FC64F2E33F41}.Release|x64.Build.0 = Release|x64
		{4C9C6027-47E7-3B53-8137-FC64F2E33F41}.MinSizeRel|x64.ActiveCfg = MinSizeRel|x64
		{4C9C6027-47E7-3B53-8137-FC64F2E33F41}.MinSizeRel|x64.Build.0 = MinSizeRel|x64
		{4C9C6027-47E7-3B53-8137-FC64F2E33F41}.RelWithDebInfo|x64.ActiveCfg = RelWithDebInfo|x64
		{4C9C6027-47E7-3B53-8137-FC64F2E33F41}.RelWithDebInfo|x64.Build.0 = RelWithDebInfo|x64
		{34E11BDE-A1C4-3A86-B339-DD4FBD23D620}.Debug|x64.ActiveCfg = Debug|x64
		{34E11BDE-A1C4-3A86-B339-DD4FBD23D620}.Debug|x64.Build.0 = Debug|x64
		{34E11BDE-A1C4-3A86-B339-DD4FBD23D620}.Release|x64.ActiveCfg = Release|x64
		{34E11BDE-A1C4-3A86-B339-DD4FBD23D620}.Release|x64.Build.0 = Release|x64
		{34E11BDE-A1C4-3A86-B339-DD4FBD23D620}.MinSizeRel|x64.ActiveCfg = MinSizeRel|x64
		{34E11BDE-A1C4-3A86-B339-DD4FBD23D620}.MinSizeRel|x64.Build.0 = MinSizeRel|x64
		{34E11BDE-A1C4-3A86-B339-DD4FBD23D620}.RelWithDebInfo|x64.ActiveCfg = RelWithDebInfo|x64
		{34E11BDE-A1C4-3A86-B339-DD4FBD23D620}.RelWithDebInfo|x64.Build.0 = RelWithDebInfo|x64
		{EC5C0BAD-9E1E-3F0B-8A62-043A2470F3C7}.Debug|x64.ActiveCfg = Debug|x64
		{EC5C0BAD-9E1E-3F0B-8A62-043A2470F3C7}.Debug|x64.Build.0 = Debug|x64
		{EC5C0BAD-9E1E-3F0B-8A62-043A2470F3C7}.Release|x64.ActiveCfg = Release|x64
		{EC5C0BAD-9E1E-3F0B-8A62-043A2470F3C7}.Release|x64.Build.0 = Release|x64
		{EC5C0BAD-9E1E-3F0B-8A62-043A2470F3C7}.MinSizeRel|x64.ActiveCfg = MinSizeRel|x64
		{EC5C0BAD-9E1E-3F0B-8A62-043A2470F3C7}.MinSizeRel|x64.Build.0 = MinSizeRel|x64
		{EC5C0BAD-9E1E-3F0B-8A62-043A2470F3C7}.RelWithDebInfo|x64.ActiveCfg = RelWithDebInfo|x64
		{EC5C0BAD-9E1E-3F0B-8A62-043A2470F3C7}.RelWithDebInfo|x64.Build.0 = RelWithDebInfo|x64
		{46BE08B3-E136-3E97-B9EC-231250435488}.Debug|x64.ActiveCfg = Debug|x64
		{46BE08B3-E136-3E97-B9EC-231250435488}.Debug|x64.Build.0 = Debug|x64
		{46BE08B3-E136-3E97-B9EC-231250435488}.Release|x64.ActiveCfg = Release|x64
		{46BE08B3-E136-3E97-B9EC-231250435488}.Release|x64.Build.0 = Release|x64
		{46BE08B3-E136-3E97-B9EC-231250435488}.MinSizeRel|x64.ActiveCfg = MinSizeRel|x64
		{46BE08B3-E136-3E97-B9EC-231250435488}.MinSizeRel|x64.Build.0 = MinSizeRel|x64
		{46BE08B3-E136-3E97-B9EC-231250435488}.RelWithDebInfo|x64.ActiveCfg = RelWithDebInfo|x64
		{46BE08B3-E136-3E97-B9EC-231250435488}.RelWithDebInfo|x64.Build.0 = RelWithDebInfo|x64
		{C831972F-D742-3664-9DEA-768926E288F8}.Debug|x64.ActiveCfg = Debug|x64
		{C831972F-D742-3664-9DEA-768926E288F8}.Debug|x64.Build.0 = Debug|x64
		{C831972F-D742-3664-9DEA-768926E288F8}.Release|x64.ActiveCfg = Release|x64
		{C831972F-D742-3664-9DEA-768926E288F8}.Release|x64.Build.0 = Release|x64
		{C831972F-D742-3664-9DEA-768926E288F8}.MinSizeRel|x64.ActiveCfg = MinSizeRel|x64
		{C831972F-D742-3664-9DEA-768926E288F8}.MinSizeRel|x64.Build.0 = MinSizeRel|x64
		{C831972F-D742-3664-9DEA-768926E288F8}.RelWithDebInfo|x64.ActiveCfg = RelWithDebInfo|x64
		{C831972F-D742-3664-9DEA-768926E288F8}.RelWithDebInfo|x64.Build.0 = RelWithDebInfo|x64
		{A6AB3AA1-E708-3937-9A41-CB01E99BF559}.Debug|x64.ActiveCfg = Debug|x64
		{A6AB3AA1-E708-3937-9A41-CB01E99BF559}.Debug|x64.Build.0 = Debug|x64
		{A6AB3AA1-E708-3937-9A41-CB01E99BF559}.Release|x64.ActiveCfg = Release|x64
		{A6AB3AA1-E708-3937-9A41-CB01E99BF559}.Release|x64.Build.0 = Release|x64
		{A6AB3AA1-E708-3937-9A41-CB01E99BF559}.MinSizeRel|x64.ActiveCfg = MinSizeRel|x64
		{A6AB3AA1-E708-3937-9A41-CB01E99BF559}.MinSizeRel|x64.Build.0 = MinSizeRel|x64
		{A6AB3AA1-E708-3937-9A41-CB01E99BF559}.RelWithDebInfo|x64.ActiveCfg = RelWithDebInfo|x64
		{A6AB3AA1-E708-3937-9A41-CB01E99BF559}.RelWithDebInfo|x64.Build.0 = RelWithDebInfo|x64
		{43BE1925-D037-32AA-93BC-4ECD38589CCC}.Debug|x64.ActiveCfg = Debug|x64
		{43BE1925-D037-32AA-93BC-4ECD38589CCC}.Debug|x64.Build.0 = Debug|x64
		{43BE1925-D037-32AA-93BC-4ECD38589CCC}.Release|x64.ActiveCfg = Release|x64
		{43BE1925-D037-32AA-93BC-4ECD38589CCC}.Release|x64.Build.0 = Release|x64
		{43BE1925-D037-32AA-93BC-4ECD38589CCC}.MinSizeRel|x64.ActiveCfg = MinSizeRel|x64
		{43BE1925-D037-32AA-93BC-4ECD38589CCC}.MinSizeRel|x64.Build.0 = MinSizeRel|x64
		{43BE1925-D037-32AA-93BC-4ECD38589CCC}.RelWithDebInfo|x64.ActiveCfg = RelWithDebInfo|x64
		{43BE1925-D037-32AA-93BC-4ECD38589CCC}.RelWithDebInfo|x64.Build.0 = RelWithDebInfo|x64
		{EA70EC98-4AC3-33CC-B799-A24E8FAEC89C}.Debug|x64.ActiveCfg = Debug|x64
		{EA70EC98-4AC3-33CC-B799-A24E8FAEC89C}.Debug|x64.Build.0 = Debug|x64
		{EA70EC98-4AC3-33CC-B799-A24E8FAEC89C}.Release|x64.ActiveCfg = Release|x64
		{EA70EC98-4AC3-33CC-B799-A24E8FAEC89C}.Release|x64.Build.0 = Release|x64
		{EA70EC98-4AC3-33CC-B799-A24E8FAEC89C}.MinSizeRel|x64.ActiveCfg = MinSizeRel|x64
		{EA70EC98-4AC3-33CC-B799-A24E8FAEC89C}.MinSizeRel|x64.Build.0 = MinSizeRel|x64
		{EA70EC98-4AC3-33CC-B799-A24E8FAEC89C}.RelWithDebInfo|x64.ActiveCfg = RelWithDebInfo|x64
		{EA70EC98-4AC3-33CC-B799-A24E8FAEC89C}.RelWithDebInfo|x64.Build.0 = RelWithDebInfo|x64
	EndGlobalSection
	GlobalSection(ExtensibilityGlobals) = postSolution
		SolutionGuid = {37844B61-46FB-37B3-9633-0715557C19BD}
	EndGlobalSection
	GlobalSection(ExtensibilityAddIns) = postSolution
	EndGlobalSection
EndGlobal
