Microsoft Visual Studio Solution File, Format Version 12.00
# Visual Studio 16
Project("{8BC9CEB8-8B4A-11D0-8D11-00A0C91BC942}") = "ALL_BUILD", "ALL_BUILD.vcxproj", "{B2FB2C45-78E9-3B72-9DF9-BBD5616A5C64}"
	ProjectSection(ProjectDependencies) = postProject
		{CA01D691-8D4D-390E-80C5-E1AAD014E0A6} = {CA01D691-8D4D-390E-80C5-E1AAD014E0A6}
		{785E3C88-1C44-34DE-8A1C-26C3E93D61BF} = {785E3C88-1C44-34DE-8A1C-26C3E93D61BF}
		{66EE79DE-28F1-3DE0-8945-70505F74BBB8} = {66EE79DE-28F1-3DE0-8945-70505F74BBB8}
		{109103CC-D906-3ED9-A615-237FA4CB620A} = {109103CC-D906-3ED9-A615-237FA4CB620A}
		{B53791CB-5553-331A-9D73-3973198045F2} = {B53791CB-5553-331A-9D73-3973198045F2}
		{B943271A-AB1F-3BFD-BD3D-4A64FAFEA6B6} = {B943271A-AB1F-3BFD-BD3D-4A64FAFEA6B6}
		{A10434BD-BDAA-3F47-A8BA-3A4351E78241} = {A10434BD-BDAA-3F47-A8BA-3A4351E78241}
		{54907619-6D8D-34DB-9A53-037A49A8E185} = {54907619-6D8D-34DB-9A53-037A49A8E185}
		{E908C9D5-C184-3ADF-B9C3-AEEB8949A539} = {E908C9D5-C184-3ADF-B9C3-AEEB8949A539}
		{76BB0370-52D0-388D-9061-4E7647366B44} = {76BB0370-52D0-388D-9061-4E7647366B44}
		{E46D77A0-766F-393F-A986-1F15D070569D} = {E46D77A0-766F-393F-A986-1F15D070569D}
	EndProjectSection
EndProject
Project("{8BC9CEB8-8B4A-11D0-8D11-00A0C91BC942}") = "INSTALL", "INSTALL.vcxproj", "{4BCBC033-9CE4-35AE-852F-4BE2B6C15F75}"
	ProjectSection(ProjectDependencies) = postProject
		{B2FB2C45-78E9-3B72-9DF9-BBD5616A5C64} = {B2FB2C45-78E9-3B72-9DF9-BBD5616A5C64}
		{CA01D691-8D4D-390E-80C5-E1AAD014E0A6} = {CA01D691-8D4D-390E-80C5-E1AAD014E0A6}
	EndProjectSection
EndProject
Project("{8BC9CEB8-8B4A-11D0-8D11-00A0C91BC942}") = "ZERO_CHECK", "ZERO_CHECK.vcxproj", "{CA01D691-8D4D-390E-80C5-E1AAD014E0A6}"
	ProjectSection(ProjectDependencies) = postProject
	EndProjectSection
EndProject
Project("{8BC9CEB8-8B4A-11D0-8D11-00A0C91BC942}") = "check", "check.vcxproj", "{CD857EA4-A72B-3693-A364-F5B138754EDF}"
	ProjectSection(ProjectDependencies) = postProject
		{CA01D691-8D4D-390E-80C5-E1AAD014E0A6} = {CA01D691-8D4D-390E-80C5-E1AAD014E0A6}
		{76BB0370-52D0-388D-9061-4E7647366B44} = {76BB0370-52D0-388D-9061-4E7647366B44}
		{E46D77A0-766F-393F-A986-1F15D070569D} = {E46D77A0-766F-393F-A986-1F15D070569D}
	EndProjectSection
EndProject
Project("{8BC9CEB8-8B4A-11D0-8D11-00A0C91BC942}") = "gmock", "gmock.vcxproj", "{785E3C88-1C44-34DE-8A1C-26C3E93D61BF}"
	ProjectSection(ProjectDependencies) = postProject
		{CA01D691-8D4D-390E-80C5-E1AAD014E0A6} = {CA01D691-8D4D-390E-80C5-E1AAD014E0A6}
	EndProjectSection
EndProject
Project("{8BC9CEB8-8B4A-11D0-8D11-00A0C91BC942}") = "gmock_main", "gmock_main.vcxproj", "{66EE79DE-28F1-3DE0-8945-70505F74BBB8}"
	ProjectSection(ProjectDependencies) = postProject
		{CA01D691-8D4D-390E-80C5-E1AAD014E0A6} = {CA01D691-8D4D-390E-80C5-E1AAD014E0A6}
		{785E3C88-1C44-34DE-8A1C-26C3E93D61BF} = {785E3C88-1C44-34DE-8A1C-26C3E93D61BF}
	EndProjectSection
EndProject
Project("{8BC9CEB8-8B4A-11D0-8D11-00A0C91BC942}") = "libprotobuf", "libprotobuf.vcxproj", "{109103CC-D906-3ED9-A615-237FA4CB620A}"
	ProjectSection(ProjectDependencies) = postProject
		{CA01D691-8D4D-390E-80C5-E1AAD014E0A6} = {CA01D691-8D4D-390E-80C5-E1AAD014E0A6}
	EndProjectSection
EndProject
Project("{8BC9CEB8-8B4A-11D0-8D11-00A0C91BC942}") = "libprotobuf-lite", "libprotobuf-lite.vcxproj", "{B53791CB-5553-331A-9D73-3973198045F2}"
	ProjectSection(ProjectDependencies) = postProject
		{CA01D691-8D4D-390E-80C5-E1AAD014E0A6} = {CA01D691-8D4D-390E-80C5-E1AAD014E0A6}
	EndProjectSection
EndProject
Project("{8BC9CEB8-8B4A-11D0-8D11-00A0C91BC942}") = "libprotoc", "libprotoc.vcxproj", "{B943271A-AB1F-3BFD-BD3D-4A64FAFEA6B6}"
	ProjectSection(ProjectDependencies) = postProject
		{CA01D691-8D4D-390E-80C5-E1AAD014E0A6} = {CA01D691-8D4D-390E-80C5-E1AAD014E0A6}
		{109103CC-D906-3ED9-A615-237FA4CB620A} = {109103CC-D906-3ED9-A615-237FA4CB620A}
	EndProjectSection
EndProject
Project("{8BC9CEB8-8B4A-11D0-8D11-00A0C91BC942}") = "lite-arena-test", "lite-arena-test.vcxproj", "{A10434BD-BDAA-3F47-A8BA-3A4351E78241}"
	ProjectSection(ProjectDependencies) = postProject
		{CA01D691-8D4D-390E-80C5-E1AAD014E0A6} = {CA01D691-8D4D-390E-80C5-E1AAD014E0A6}
		{785E3C88-1C44-34DE-8A1C-26C3E93D61BF} = {785E3C88-1C44-34DE-8A1C-26C3E93D61BF}
		{66EE79DE-28F1-3DE0-8945-70505F74BBB8} = {66EE79DE-28F1-3DE0-8945-70505F74BBB8}
		{B53791CB-5553-331A-9D73-3973198045F2} = {B53791CB-5553-331A-9D73-3973198045F2}
		{E908C9D5-C184-3ADF-B9C3-AEEB8949A539} = {E908C9D5-C184-3ADF-B9C3-AEEB8949A539}
	EndProjectSection
EndProject
Project("{8BC9CEB8-8B4A-11D0-8D11-00A0C91BC942}") = "lite-test", "lite-test.vcxproj", "{54907619-6D8D-34DB-9A53-037A49A8E185}"
	ProjectSection(ProjectDependencies) = postProject
		{CA01D691-8D4D-390E-80C5-E1AAD014E0A6} = {CA01D691-8D4D-390E-80C5-E1AAD014E0A6}
		{785E3C88-1C44-34DE-8A1C-26C3E93D61BF} = {785E3C88-1C44-34DE-8A1C-26C3E93D61BF}
		{66EE79DE-28F1-3DE0-8945-70505F74BBB8} = {66EE79DE-28F1-3DE0-8945-70505F74BBB8}
		{B53791CB-5553-331A-9D73-3973198045F2} = {B53791CB-5553-331A-9D73-3973198045F2}
		{E908C9D5-C184-3ADF-B9C3-AEEB8949A539} = {E908C9D5-C184-3ADF-B9C3-AEEB8949A539}
	EndProjectSection
EndProject
Project("{8BC9CEB8-8B4A-11D0-8D11-00A0C91BC942}") = "protoc", "protoc.vcxproj", "{E908C9D5-C184-3ADF-B9C3-AEEB8949A539}"
	ProjectSection(ProjectDependencies) = postProject
		{CA01D691-8D4D-390E-80C5-E1AAD014E0A6} = {CA01D691-8D4D-390E-80C5-E1AAD014E0A6}
		{109103CC-D906-3ED9-A615-237FA4CB620A} = {109103CC-D906-3ED9-A615-237FA4CB620A}
		{B943271A-AB1F-3BFD-BD3D-4A64FAFEA6B6} = {B943271A-AB1F-3BFD-BD3D-4A64FAFEA6B6}
	EndProjectSection
EndProject
Project("{8BC9CEB8-8B4A-11D0-8D11-00A0C91BC942}") = "test_plugin", "test_plugin.vcxproj", "{76BB0370-52D0-388D-9061-4E7647366B44}"
	ProjectSection(ProjectDependencies) = postProject
		{CA01D691-8D4D-390E-80C5-E1AAD014E0A6} = {CA01D691-8D4D-390E-80C5-E1AAD014E0A6}
		{785E3C88-1C44-34DE-8A1C-26C3E93D61BF} = {785E3C88-1C44-34DE-8A1C-26C3E93D61BF}
		{109103CC-D906-3ED9-A615-237FA4CB620A} = {109103CC-D906-3ED9-A615-237FA4CB620A}
		{B943271A-AB1F-3BFD-BD3D-4A64FAFEA6B6} = {B943271A-AB1F-3BFD-BD3D-4A64FAFEA6B6}
	EndProjectSection
EndProject
Project("{8BC9CEB8-8B4A-11D0-8D11-00A0C91BC942}") = "tests", "tests.vcxproj", "{E46D77A0-766F-393F-A986-1F15D070569D}"
	ProjectSection(ProjectDependencies) = postProject
		{CA01D691-8D4D-390E-80C5-E1AAD014E0A6} = {CA01D691-8D4D-390E-80C5-E1AAD014E0A6}
		{785E3C88-1C44-34DE-8A1C-26C3E93D61BF} = {785E3C88-1C44-34DE-8A1C-26C3E93D61BF}
		{66EE79DE-28F1-3DE0-8945-70505F74BBB8} = {66EE79DE-28F1-3DE0-8945-70505F74BBB8}
		{109103CC-D906-3ED9-A615-237FA4CB620A} = {109103CC-D906-3ED9-A615-237FA4CB620A}
		{B943271A-AB1F-3BFD-BD3D-4A64FAFEA6B6} = {B943271A-AB1F-3BFD-BD3D-4A64FAFEA6B6}
		{E908C9D5-C184-3ADF-B9C3-AEEB8949A539} = {E908C9D5-C184-3ADF-B9C3-AEEB8949A539}
	EndProjectSection
EndProject
Global
	GlobalSection(SolutionConfigurationPlatforms) = preSolution
		Debug|x64 = Debug|x64
		Release|x64 = Release|x64
		MinSizeRel|x64 = MinSizeRel|x64
		RelWithDebInfo|x64 = RelWithDebInfo|x64
	EndGlobalSection
	GlobalSection(ProjectConfigurationPlatforms) = postSolution
		{B2FB2C45-78E9-3B72-9DF9-BBD5616A5C64}.Debug|x64.ActiveCfg = Debug|x64
		{B2FB2C45-78E9-3B72-9DF9-BBD5616A5C64}.Debug|x64.Build.0 = Debug|x64
		{B2FB2C45-78E9-3B72-9DF9-BBD5616A5C64}.Release|x64.ActiveCfg = Release|x64
		{B2FB2C45-78E9-3B72-9DF9-BBD5616A5C64}.Release|x64.Build.0 = Release|x64
		{B2FB2C45-78E9-3B72-9DF9-BBD5616A5C64}.MinSizeRel|x64.ActiveCfg = MinSizeRel|x64
		{B2FB2C45-78E9-3B72-9DF9-BBD5616A5C64}.MinSizeRel|x64.Build.0 = MinSizeRel|x64
		{B2FB2C45-78E9-3B72-9DF9-BBD5616A5C64}.RelWithDebInfo|x64.ActiveCfg = RelWithDebInfo|x64
		{B2FB2C45-78E9-3B72-9DF9-BBD5616A5C64}.RelWithDebInfo|x64.Build.0 = RelWithDebInfo|x64
		{4BCBC033-9CE4-35AE-852F-4BE2B6C15F75}.Debug|x64.ActiveCfg = Debug|x64
		{4BCBC033-9CE4-35AE-852F-4BE2B6C15F75}.Release|x64.ActiveCfg = Release|x64
		{4BCBC033-9CE4-35AE-852F-4BE2B6C15F75}.MinSizeRel|x64.ActiveCfg = MinSizeRel|x64
		{4BCBC033-9CE4-35AE-852F-4BE2B6C15F75}.RelWithDebInfo|x64.ActiveCfg = RelWithDebInfo|x64
		{CA01D691-8D4D-390E-80C5-E1AAD014E0A6}.Debug|x64.ActiveCfg = Debug|x64
		{CA01D691-8D4D-390E-80C5-E1AAD014E0A6}.Debug|x64.Build.0 = Debug|x64
		{CA01D691-8D4D-390E-80C5-E1AAD014E0A6}.Release|x64.ActiveCfg = Release|x64
		{CA01D691-8D4D-390E-80C5-E1AAD014E0A6}.Release|x64.Build.0 = Release|x64
		{CA01D691-8D4D-390E-80C5-E1AAD014E0A6}.MinSizeRel|x64.ActiveCfg = MinSizeRel|x64
		{CA01D691-8D4D-390E-80C5-E1AAD014E0A6}.MinSizeRel|x64.Build.0 = MinSizeRel|x64
		{CA01D691-8D4D-390E-80C5-E1AAD014E0A6}.RelWithDebInfo|x64.ActiveCfg = RelWithDebInfo|x64
		{CA01D691-8D4D-390E-80C5-E1AAD014E0A6}.RelWithDebInfo|x64.Build.0 = RelWithDebInfo|x64
		{CD857EA4-A72B-3693-A364-F5B138754EDF}.Debug|x64.ActiveCfg = Debug|x64
		{CD857EA4-A72B-3693-A364-F5B138754EDF}.Release|x64.ActiveCfg = Release|x64
		{CD857EA4-A72B-3693-A364-F5B138754EDF}.MinSizeRel|x64.ActiveCfg = MinSizeRel|x64
		{CD857EA4-A72B-3693-A364-F5B138754EDF}.RelWithDebInfo|x64.ActiveCfg = RelWithDebInfo|x64
		{785E3C88-1C44-34DE-8A1C-26C3E93D61BF}.Debug|x64.ActiveCfg = Debug|x64
		{785E3C88-1C44-34DE-8A1C-26C3E93D61BF}.Debug|x64.Build.0 = Debug|x64
		{785E3C88-1C44-34DE-8A1C-26C3E93D61BF}.Release|x64.ActiveCfg = Release|x64
		{785E3C88-1C44-34DE-8A1C-26C3E93D61BF}.Release|x64.Build.0 = Release|x64
		{785E3C88-1C44-34DE-8A1C-26C3E93D61BF}.MinSizeRel|x64.ActiveCfg = MinSizeRel|x64
		{785E3C88-1C44-34DE-8A1C-26C3E93D61BF}.MinSizeRel|x64.Build.0 = MinSizeRel|x64
		{785E3C88-1C44-34DE-8A1C-26C3E93D61BF}.RelWithDebInfo|x64.ActiveCfg = RelWithDebInfo|x64
		{785E3C88-1C44-34DE-8A1C-26C3E93D61BF}.RelWithDebInfo|x64.Build.0 = RelWithDebInfo|x64
		{66EE79DE-28F1-3DE0-8945-70505F74BBB8}.Debug|x64.ActiveCfg = Debug|x64
		{66EE79DE-28F1-3DE0-8945-70505F74BBB8}.Debug|x64.Build.0 = Debug|x64
		{66EE79DE-28F1-3DE0-8945-70505F74BBB8}.Release|x64.ActiveCfg = Release|x64
		{66EE79DE-28F1-3DE0-8945-70505F74BBB8}.Release|x64.Build.0 = Release|x64
		{66EE79DE-28F1-3DE0-8945-70505F74BBB8}.MinSizeRel|x64.ActiveCfg = MinSizeRel|x64
		{66EE79DE-28F1-3DE0-8945-70505F74BBB8}.MinSizeRel|x64.Build.0 = MinSizeRel|x64
		{66EE79DE-28F1-3DE0-8945-70505F74BBB8}.RelWithDebInfo|x64.ActiveCfg = RelWithDebInfo|x64
		{66EE79DE-28F1-3DE0-8945-70505F74BBB8}.RelWithDebInfo|x64.Build.0 = RelWithDebInfo|x64
		{109103CC-D906-3ED9-A615-237FA4CB620A}.Debug|x64.ActiveCfg = Debug|x64
		{109103CC-D906-3ED9-A615-237FA4CB620A}.Debug|x64.Build.0 = Debug|x64
		{109103CC-D906-3ED9-A615-237FA4CB620A}.Release|x64.ActiveCfg = Release|x64
		{109103CC-D906-3ED9-A615-237FA4CB620A}.Release|x64.Build.0 = Release|x64
		{109103CC-D906-3ED9-A615-237FA4CB620A}.MinSizeRel|x64.ActiveCfg = MinSizeRel|x64
		{109103CC-D906-3ED9-A615-237FA4CB620A}.MinSizeRel|x64.Build.0 = MinSizeRel|x64
		{109103CC-D906-3ED9-A615-237FA4CB620A}.RelWithDebInfo|x64.ActiveCfg = RelWithDebInfo|x64
		{109103CC-D906-3ED9-A615-237FA4CB620A}.RelWithDebInfo|x64.Build.0 = RelWithDebInfo|x64
		{B53791CB-5553-331A-9D73-3973198045F2}.Debug|x64.ActiveCfg = Debug|x64
		{B53791CB-5553-331A-9D73-3973198045F2}.Debug|x64.Build.0 = Debug|x64
		{B53791CB-5553-331A-9D73-3973198045F2}.Release|x64.ActiveCfg = Release|x64
		{B53791CB-5553-331A-9D73-3973198045F2}.Release|x64.Build.0 = Release|x64
		{B53791CB-5553-331A-9D73-3973198045F2}.MinSizeRel|x64.ActiveCfg = MinSizeRel|x64
		{B53791CB-5553-331A-9D73-3973198045F2}.MinSizeRel|x64.Build.0 = MinSizeRel|x64
		{B53791CB-5553-331A-9D73-3973198045F2}.RelWithDebInfo|x64.ActiveCfg = RelWithDebInfo|x64
		{B53791CB-5553-331A-9D73-3973198045F2}.RelWithDebInfo|x64.Build.0 = RelWithDebInfo|x64
		{B943271A-AB1F-3BFD-BD3D-4A64FAFEA6B6}.Debug|x64.ActiveCfg = Debug|x64
		{B943271A-AB1F-3BFD-BD3D-4A64FAFEA6B6}.Debug|x64.Build.0 = Debug|x64
		{B943271A-AB1F-3BFD-BD3D-4A64FAFEA6B6}.Release|x64.ActiveCfg = Release|x64
		{B943271A-AB1F-3BFD-BD3D-4A64FAFEA6B6}.Release|x64.Build.0 = Release|x64
		{B943271A-AB1F-3BFD-BD3D-4A64FAFEA6B6}.MinSizeRel|x64.ActiveCfg = MinSizeRel|x64
		{B943271A-AB1F-3BFD-BD3D-4A64FAFEA6B6}.MinSizeRel|x64.Build.0 = MinSizeRel|x64
		{B943271A-AB1F-3BFD-BD3D-4A64FAFEA6B6}.RelWithDebInfo|x64.ActiveCfg = RelWithDebInfo|x64
		{B943271A-AB1F-3BFD-BD3D-4A64FAFEA6B6}.RelWithDebInfo|x64.Build.0 = RelWithDebInfo|x64
		{A10434BD-BDAA-3F47-A8BA-3A4351E78241}.Debug|x64.ActiveCfg = Debug|x64
		{A10434BD-BDAA-3F47-A8BA-3A4351E78241}.Debug|x64.Build.0 = Debug|x64
		{A10434BD-BDAA-3F47-A8BA-3A4351E78241}.Release|x64.ActiveCfg = Release|x64
		{A10434BD-BDAA-3F47-A8BA-3A4351E78241}.Release|x64.Build.0 = Release|x64
		{A10434BD-BDAA-3F47-A8BA-3A4351E78241}.MinSizeRel|x64.ActiveCfg = MinSizeRel|x64
		{A10434BD-BDAA-3F47-A8BA-3A4351E78241}.MinSizeRel|x64.Build.0 = MinSizeRel|x64
		{A10434BD-BDAA-3F47-A8BA-3A4351E78241}.RelWithDebInfo|x64.ActiveCfg = RelWithDebInfo|x64
		{A10434BD-BDAA-3F47-A8BA-3A4351E78241}.RelWithDebInfo|x64.Build.0 = RelWithDebInfo|x64
		{54907619-6D8D-34DB-9A53-037A49A8E185}.Debug|x64.ActiveCfg = Debug|x64
		{54907619-6D8D-34DB-9A53-037A49A8E185}.Debug|x64.Build.0 = Debug|x64
		{54907619-6D8D-34DB-9A53-037A49A8E185}.Release|x64.ActiveCfg = Release|x64
		{54907619-6D8D-34DB-9A53-037A49A8E185}.Release|x64.Build.0 = Release|x64
		{54907619-6D8D-34DB-9A53-037A49A8E185}.MinSizeRel|x64.ActiveCfg = MinSizeRel|x64
		{54907619-6D8D-34DB-9A53-037A49A8E185}.MinSizeRel|x64.Build.0 = MinSizeRel|x64
		{54907619-6D8D-34DB-9A53-037A49A8E185}.RelWithDebInfo|x64.ActiveCfg = RelWithDebInfo|x64
		{54907619-6D8D-34DB-9A53-037A49A8E185}.RelWithDebInfo|x64.Build.0 = RelWithDebInfo|x64
		{E908C9D5-C184-3ADF-B9C3-AEEB8949A539}.Debug|x64.ActiveCfg = Debug|x64
		{E908C9D5-C184-3ADF-B9C3-AEEB8949A539}.Debug|x64.Build.0 = Debug|x64
		{E908C9D5-C184-3ADF-B9C3-AEEB8949A539}.Release|x64.ActiveCfg = Release|x64
		{E908C9D5-C184-3ADF-B9C3-AEEB8949A539}.Release|x64.Build.0 = Release|x64
		{E908C9D5-C184-3ADF-B9C3-AEEB8949A539}.MinSizeRel|x64.ActiveCfg = MinSizeRel|x64
		{E908C9D5-C184-3ADF-B9C3-AEEB8949A539}.MinSizeRel|x64.Build.0 = MinSizeRel|x64
		{E908C9D5-C184-3ADF-B9C3-AEEB8949A539}.RelWithDebInfo|x64.ActiveCfg = RelWithDebInfo|x64
		{E908C9D5-C184-3ADF-B9C3-AEEB8949A539}.RelWithDebInfo|x64.Build.0 = RelWithDebInfo|x64
		{76BB0370-52D0-388D-9061-4E7647366B44}.Debug|x64.ActiveCfg = Debug|x64
		{76BB0370-52D0-388D-9061-4E7647366B44}.Debug|x64.Build.0 = Debug|x64
		{76BB0370-52D0-388D-9061-4E7647366B44}.Release|x64.ActiveCfg = Release|x64
		{76BB0370-52D0-388D-9061-4E7647366B44}.Release|x64.Build.0 = Release|x64
		{76BB0370-52D0-388D-9061-4E7647366B44}.MinSizeRel|x64.ActiveCfg = MinSizeRel|x64
		{76BB0370-52D0-388D-9061-4E7647366B44}.MinSizeRel|x64.Build.0 = MinSizeRel|x64
		{76BB0370-52D0-388D-9061-4E7647366B44}.RelWithDebInfo|x64.ActiveCfg = RelWithDebInfo|x64
		{76BB0370-52D0-388D-9061-4E7647366B44}.RelWithDebInfo|x64.Build.0 = RelWithDebInfo|x64
		{E46D77A0-766F-393F-A986-1F15D070569D}.Debug|x64.ActiveCfg = Debug|x64
		{E46D77A0-766F-393F-A986-1F15D070569D}.Debug|x64.Build.0 = Debug|x64
		{E46D77A0-766F-393F-A986-1F15D070569D}.Release|x64.ActiveCfg = Release|x64
		{E46D77A0-766F-393F-A986-1F15D070569D}.Release|x64.Build.0 = Release|x64
		{E46D77A0-766F-393F-A986-1F15D070569D}.MinSizeRel|x64.ActiveCfg = MinSizeRel|x64
		{E46D77A0-766F-393F-A986-1F15D070569D}.MinSizeRel|x64.Build.0 = MinSizeRel|x64
		{E46D77A0-766F-393F-A986-1F15D070569D}.RelWithDebInfo|x64.ActiveCfg = RelWithDebInfo|x64
		{E46D77A0-766F-393F-A986-1F15D070569D}.RelWithDebInfo|x64.Build.0 = RelWithDebInfo|x64
	EndGlobalSection
	GlobalSection(ExtensibilityGlobals) = postSolution
		SolutionGuid = {54436E18-5959-3D9F-BBC8-074768BF6CA6}
	EndGlobalSection
	GlobalSection(ExtensibilityAddIns) = postSolution
	EndGlobalSection
EndGlobal
